{
    "name": "obsidian-livesync",
    "version": "0.1.12",
    "lockfileVersion": 2,
    "requires": true,
    "packages": {
        "": {
            "name": "obsidian-livesync",
            "version": "0.1.12",
            "license": "MIT",
            "dependencies": {
                "diff-match-patch": "^1.0.5",
                "xxhash-wasm": "^0.4.2"
            },
            "devDependencies": {
                "@rollup/plugin-commonjs": "^18.0.0",
                "@rollup/plugin-node-resolve": "^11.2.1",
                "@rollup/plugin-typescript": "^8.2.1",
                "@types/diff-match-patch": "^1.0.32",
                "@types/pouchdb-browser": "^6.1.3",
                "obsidian": "^0.12.0",
                "rollup": "^2.32.1",
                "tslib": "^2.2.0",
                "typescript": "^4.2.4"
            }
        },
        "node_modules/@rollup/plugin-commonjs": {
            "version": "18.1.0",
            "resolved": "https://registry.npmjs.org/@rollup/plugin-commonjs/-/plugin-commonjs-18.1.0.tgz",
            "integrity": "sha512-h3e6T9rUxVMAQswpDIobfUHn/doMzM9sgkMrsMWCFLmB84PSoC8mV8tOloAJjSRwdqhXBqstlX2BwBpHJvbhxg==",
            "dev": true,
            "dependencies": {
                "@rollup/pluginutils": "^3.1.0",
                "commondir": "^1.0.1",
                "estree-walker": "^2.0.1",
                "glob": "^7.1.6",
                "is-reference": "^1.2.1",
                "magic-string": "^0.25.7",
                "resolve": "^1.17.0"
            },
            "engines": {
                "node": ">= 8.0.0"
            },
            "peerDependencies": {
                "rollup": "^2.30.0"
            }
        },
        "node_modules/@rollup/plugin-node-resolve": {
            "version": "11.2.1",
            "resolved": "https://registry.npmjs.org/@rollup/plugin-node-resolve/-/plugin-node-resolve-11.2.1.tgz",
            "integrity": "sha512-yc2n43jcqVyGE2sqV5/YCmocy9ArjVAP/BeXyTtADTBBX6V0e5UMqwO8CdQ0kzjb6zu5P1qMzsScCMRvE9OlVg==",
            "dev": true,
            "dependencies": {
                "@rollup/pluginutils": "^3.1.0",
                "@types/resolve": "1.17.1",
                "builtin-modules": "^3.1.0",
                "deepmerge": "^4.2.2",
                "is-module": "^1.0.0",
                "resolve": "^1.19.0"
            },
            "engines": {
                "node": ">= 10.0.0"
            },
            "peerDependencies": {
                "rollup": "^1.20.0||^2.0.0"
            }
        },
        "node_modules/@rollup/plugin-typescript": {
            "version": "8.2.5",
            "resolved": "https://registry.npmjs.org/@rollup/plugin-typescript/-/plugin-typescript-8.2.5.tgz",
            "integrity": "sha512-QL/LvDol/PAGB2O0S7/+q2HpSUNodpw7z6nGn9BfoVCPOZ0r4EALrojFU29Bkoi2Hr2jgTocTejJ5GGWZfOxbQ==",
            "dev": true,
            "dependencies": {
                "@rollup/pluginutils": "^3.1.0",
                "resolve": "^1.17.0"
            },
            "engines": {
                "node": ">=8.0.0"
            },
            "peerDependencies": {
                "rollup": "^2.14.0",
                "tslib": "*",
                "typescript": ">=3.7.0"
            }
        },
        "node_modules/@rollup/pluginutils": {
            "version": "3.1.0",
            "resolved": "https://registry.npmjs.org/@rollup/pluginutils/-/pluginutils-3.1.0.tgz",
            "integrity": "sha512-GksZ6pr6TpIjHm8h9lSQ8pi8BE9VeubNT0OMJ3B5uZJ8pz73NPiqOtCog/x2/QzM1ENChPKxMDhiQuRHsqc+lg==",
            "dev": true,
            "dependencies": {
                "@types/estree": "0.0.39",
                "estree-walker": "^1.0.1",
                "picomatch": "^2.2.2"
            },
            "engines": {
                "node": ">= 8.0.0"
            },
            "peerDependencies": {
                "rollup": "^1.20.0||^2.0.0"
            }
        },
        "node_modules/@rollup/pluginutils/node_modules/estree-walker": {
            "version": "1.0.1",
            "resolved": "https://registry.npmjs.org/estree-walker/-/estree-walker-1.0.1.tgz",
            "integrity": "sha512-1fMXF3YP4pZZVozF8j/ZLfvnR8NSIljt56UhbZ5PeeDmmGHpgpdwQt7ITlGvYaQukCvuBRMLEiKiYC+oeIg4cg==",
            "dev": true
        },
        "node_modules/@types/codemirror": {
            "version": "0.0.108",
            "resolved": "https://registry.npmjs.org/@types/codemirror/-/codemirror-0.0.108.tgz",
            "integrity": "sha512-3FGFcus0P7C2UOGCNUVENqObEb4SFk+S8Dnxq7K6aIsLVs/vDtlangl3PEO0ykaKXyK56swVF6Nho7VsA44uhw==",
            "dev": true,
            "dependencies": {
                "@types/tern": "*"
            }
        },
        "node_modules/@types/debug": {
            "version": "4.1.7",
            "resolved": "https://registry.npmjs.org/@types/debug/-/debug-4.1.7.tgz",
            "integrity": "sha512-9AonUzyTjXXhEOa0DnqpzZi6VHlqKMswga9EXjpXnnqxwLtdvPPtlO8evrI5D9S6asFRCQ6v+wpiUKbw+vKqyg==",
            "dev": true,
            "dependencies": {
                "@types/ms": "*"
            }
        },
        "node_modules/@types/diff-match-patch": {
            "version": "1.0.32",
            "resolved": "https://registry.npmjs.org/@types/diff-match-patch/-/diff-match-patch-1.0.32.tgz",
            "integrity": "sha512-bPYT5ECFiblzsVzyURaNhljBH2Gh1t9LowgUwciMrNAhFewLkHT2H0Mto07Y4/3KCOGZHRQll3CTtQZ0X11D/A==",
            "dev": true
        },
        "node_modules/@types/estree": {
            "version": "0.0.39",
            "resolved": "https://registry.npmjs.org/@types/estree/-/estree-0.0.39.tgz",
            "integrity": "sha512-EYNwp3bU+98cpU4lAWYYL7Zz+2gryWH1qbdDTidVd6hkiR6weksdbMadyXKXNPEkQFhXM+hVO9ZygomHXp+AIw==",
            "dev": true
        },
        "node_modules/@types/ms": {
            "version": "0.7.31",
            "resolved": "https://registry.npmjs.org/@types/ms/-/ms-0.7.31.tgz",
            "integrity": "sha512-iiUgKzV9AuaEkZqkOLDIvlQiL6ltuZd9tGcW3gwpnX8JbuiuhFlEGmmFXEXkN50Cvq7Os88IY2v0dkDqXYWVgA==",
            "dev": true
        },
        "node_modules/@types/node": {
            "version": "14.17.21",
            "resolved": "https://registry.npmjs.org/@types/node/-/node-14.17.21.tgz",
            "integrity": "sha512-zv8ukKci1mrILYiQOwGSV4FpkZhyxQtuFWGya2GujWg+zVAeRQ4qbaMmWp9vb9889CFA8JECH7lkwCL6Ygg8kA==",
            "dev": true
        },
        "node_modules/@types/pouchdb-adapter-http": {
            "version": "6.1.3",
            "resolved": "https://registry.npmjs.org/@types/pouchdb-adapter-http/-/pouchdb-adapter-http-6.1.3.tgz",
            "integrity": "sha512-9Z4TLbF/KJWy/D2sWRPBA+RNU0odQimfdvlDX+EY7rGcd3aVoH8qjD/X0Xcd/0dfBH5pKrNIMFFQgW/TylRCmA==",
            "dev": true,
            "dependencies": {
                "@types/pouchdb-core": "*"
            }
        },
        "node_modules/@types/pouchdb-adapter-idb": {
            "version": "6.1.4",
            "resolved": "https://registry.npmjs.org/@types/pouchdb-adapter-idb/-/pouchdb-adapter-idb-6.1.4.tgz",
            "integrity": "sha512-KIAXbkF4uYUz0ZwfNEFLtEkK44mEWopAsD76UhucH92XnJloBysav+TjI4FFfYQyTjoW3S1s6V+Z14CUJZ0F6w==",
            "dev": true,
            "dependencies": {
                "@types/pouchdb-core": "*"
            }
        },
        "node_modules/@types/pouchdb-adapter-websql": {
            "version": "6.1.4",
            "resolved": "https://registry.npmjs.org/@types/pouchdb-adapter-websql/-/pouchdb-adapter-websql-6.1.4.tgz",
            "integrity": "sha512-zMJQCtXC40hBsIDRn0GhmpeGMK0f9l/OGWfLguvczROzxxcOD7REI+e6SEmX7gJKw5JuMvlfuHzkQwjmvSJbtg==",
            "dev": true,
            "dependencies": {
                "@types/pouchdb-core": "*"
            }
        },
        "node_modules/@types/pouchdb-browser": {
            "version": "6.1.3",
            "resolved": "https://registry.npmjs.org/@types/pouchdb-browser/-/pouchdb-browser-6.1.3.tgz",
            "integrity": "sha512-EdYowrWxW9SWBMX/rux2eq7dbHi5Zeyzz+FF/IAsgQKnUxgeCO5VO2j4zTzos0SDyJvAQU+EYRc11r7xGn5tvA==",
            "dev": true,
            "dependencies": {
                "@types/pouchdb-adapter-http": "*",
                "@types/pouchdb-adapter-idb": "*",
                "@types/pouchdb-adapter-websql": "*",
                "@types/pouchdb-core": "*",
                "@types/pouchdb-mapreduce": "*",
                "@types/pouchdb-replication": "*"
            }
        },
        "node_modules/@types/pouchdb-core": {
            "version": "7.0.8",
            "resolved": "https://registry.npmjs.org/@types/pouchdb-core/-/pouchdb-core-7.0.8.tgz",
            "integrity": "sha512-99pGWgoxW/m1jLpnWQAfy7QGwXK3uCDSy+VtOG8sjuutjNJzX6nmOesbBq7ZpkquMH+X9vnT9CpWPunBpepEGg==",
            "dev": true,
            "dependencies": {
                "@types/debug": "*",
                "@types/pouchdb-find": "*"
            }
        },
        "node_modules/@types/pouchdb-find": {
            "version": "6.3.7",
            "resolved": "https://registry.npmjs.org/@types/pouchdb-find/-/pouchdb-find-6.3.7.tgz",
            "integrity": "sha512-b2dr9xoZRK5Mwl8UiRA9l5j9mmCxNfqXuu63H1KZHwJLILjoIIz7BntCvM0hnlnl7Q8P8wORq0IskuaMq5Nnnw==",
            "dev": true,
            "dependencies": {
                "@types/pouchdb-core": "*"
            }
        },
        "node_modules/@types/pouchdb-mapreduce": {
            "version": "6.1.5",
            "resolved": "https://registry.npmjs.org/@types/pouchdb-mapreduce/-/pouchdb-mapreduce-6.1.5.tgz",
            "integrity": "sha512-nE4uggwt2W5pe8I6Tnbd626EmGWSV6w8tiYwAnAO6g5ncZGYtM4Cye9O1LWLGVpalw0iIpyfQZfH3pMxSbHx/w==",
            "dev": true,
            "dependencies": {
                "@types/pouchdb-core": "*"
            }
        },
        "node_modules/@types/pouchdb-replication": {
            "version": "6.4.3",
            "resolved": "https://registry.npmjs.org/@types/pouchdb-replication/-/pouchdb-replication-6.4.3.tgz",
            "integrity": "sha512-Dsyy8EhKGBIQAECKelfvufDjRO5Rsy8RlujVllbjHzu3OGu8cNP92/bykeXXC3hTgvrp5Kviqhh9VON1Iw+M3Q==",
            "dev": true,
            "dependencies": {
                "@types/pouchdb-core": "*",
                "@types/pouchdb-find": "*"
            }
        },
        "node_modules/@types/resolve": {
            "version": "1.17.1",
            "resolved": "https://registry.npmjs.org/@types/resolve/-/resolve-1.17.1.tgz",
            "integrity": "sha512-yy7HuzQhj0dhGpD8RLXSZWEkLsV9ibvxvi6EiJ3bkqLAO1RGo0WbkWQiwpRlSFymTJRz0d3k5LM3kkx8ArDbLw==",
            "dev": true,
            "dependencies": {
                "@types/node": "*"
            }
        },
        "node_modules/@types/tern": {
            "version": "0.23.4",
            "resolved": "https://registry.npmjs.org/@types/tern/-/tern-0.23.4.tgz",
            "integrity": "sha512-JAUw1iXGO1qaWwEOzxTKJZ/5JxVeON9kvGZ/osgZaJImBnyjyn0cjovPsf6FNLmyGY8Vw9DoXZCMlfMkMwHRWg==",
            "dev": true,
            "dependencies": {
                "@types/estree": "*"
            }
        },
        "node_modules/balanced-match": {
            "version": "1.0.2",
            "resolved": "https://registry.npmjs.org/balanced-match/-/balanced-match-1.0.2.tgz",
            "integrity": "sha512-3oSeUO0TMV67hN1AmbXsK4yaqU7tjiHlbxRDZOpH0KW9+CeX4bRAaX0Anxt0tx2MrpRpWwQaPwIlISEJhYU5Pw==",
            "dev": true
        },
        "node_modules/brace-expansion": {
            "version": "1.1.11",
            "resolved": "https://registry.npmjs.org/brace-expansion/-/brace-expansion-1.1.11.tgz",
            "integrity": "sha512-iCuPHDFgrHX7H2vEI/5xpz07zSHB00TpugqhmYtVmMO6518mCuRMoOYFldEBl0g187ufozdaHgWKcYFb61qGiA==",
            "dev": true,
            "dependencies": {
                "balanced-match": "^1.0.0",
                "concat-map": "0.0.1"
            }
        },
        "node_modules/builtin-modules": {
            "version": "3.2.0",
            "resolved": "https://registry.npmjs.org/builtin-modules/-/builtin-modules-3.2.0.tgz",
            "integrity": "sha512-lGzLKcioL90C7wMczpkY0n/oART3MbBa8R9OFGE1rJxoVI86u4WAGfEk8Wjv10eKSyTHVGkSo3bvBylCEtk7LA==",
            "dev": true,
            "engines": {
                "node": ">=6"
            },
            "funding": {
                "url": "https://github.com/sponsors/sindresorhus"
            }
        },
        "node_modules/commondir": {
            "version": "1.0.1",
            "resolved": "https://registry.npmjs.org/commondir/-/commondir-1.0.1.tgz",
            "integrity": "sha1-3dgA2gxmEnOTzKWVDqloo6rxJTs=",
            "dev": true
        },
        "node_modules/concat-map": {
            "version": "0.0.1",
            "resolved": "https://registry.npmjs.org/concat-map/-/concat-map-0.0.1.tgz",
            "integrity": "sha1-2Klr13/Wjfd5OnMDajug1UBdR3s=",
            "dev": true
        },
        "node_modules/deepmerge": {
            "version": "4.2.2",
            "resolved": "https://registry.npmjs.org/deepmerge/-/deepmerge-4.2.2.tgz",
            "integrity": "sha512-FJ3UgI4gIl+PHZm53knsuSFpE+nESMr7M4v9QcgB7S63Kj/6WqMiFQJpBBYz1Pt+66bZpP3Q7Lye0Oo9MPKEdg==",
            "dev": true,
            "engines": {
                "node": ">=0.10.0"
            }
        },
        "node_modules/diff-match-patch": {
            "version": "1.0.5",
            "resolved": "https://registry.npmjs.org/diff-match-patch/-/diff-match-patch-1.0.5.tgz",
            "integrity": "sha512-IayShXAgj/QMXgB0IWmKx+rOPuGMhqm5w6jvFxmVenXKIzRqTAAsbBPT3kWQeGANj3jGgvcvv4yK6SxqYmikgw=="
        },
        "node_modules/estree-walker": {
            "version": "2.0.2",
            "resolved": "https://registry.npmjs.org/estree-walker/-/estree-walker-2.0.2.tgz",
            "integrity": "sha512-Rfkk/Mp/DL7JVje3u18FxFujQlTNR2q6QfMSMB7AvCBx91NGj/ba3kCfza0f6dVDbw7YlRf/nDrn7pQrCCyQ/w==",
            "dev": true
        },
        "node_modules/fs.realpath": {
            "version": "1.0.0",
            "resolved": "https://registry.npmjs.org/fs.realpath/-/fs.realpath-1.0.0.tgz",
            "integrity": "sha1-FQStJSMVjKpA20onh8sBQRmU6k8=",
            "dev": true
        },
        "node_modules/fsevents": {
            "version": "2.3.2",
            "resolved": "https://registry.npmjs.org/fsevents/-/fsevents-2.3.2.tgz",
            "integrity": "sha512-xiqMQR4xAeHTuB9uWm+fFRcIOgKBMiOBP+eXiyT7jsgVCq1bkVygt00oASowB7EdtpOHaaPgKt812P9ab+DDKA==",
            "dev": true,
            "hasInstallScript": true,
            "optional": true,
            "os": [
                "darwin"
            ],
            "engines": {
                "node": "^8.16.0 || ^10.6.0 || >=11.0.0"
            }
        },
        "node_modules/function-bind": {
            "version": "1.1.1",
            "resolved": "https://registry.npmjs.org/function-bind/-/function-bind-1.1.1.tgz",
            "integrity": "sha512-yIovAzMX49sF8Yl58fSCWJ5svSLuaibPxXQJFLmBObTuCr0Mf1KiPopGM9NiFjiYBCbfaa2Fh6breQ6ANVTI0A==",
            "dev": true
        },
        "node_modules/glob": {
            "version": "7.2.0",
            "resolved": "https://registry.npmjs.org/glob/-/glob-7.2.0.tgz",
            "integrity": "sha512-lmLf6gtyrPq8tTjSmrO94wBeQbFR3HbLHbuyD69wuyQkImp2hWqMGB47OX65FBkPffO641IP9jWa1z4ivqG26Q==",
            "dev": true,
            "dependencies": {
                "fs.realpath": "^1.0.0",
                "inflight": "^1.0.4",
                "inherits": "2",
                "minimatch": "^3.0.4",
                "once": "^1.3.0",
                "path-is-absolute": "^1.0.0"
            },
            "engines": {
                "node": "*"
            },
            "funding": {
                "url": "https://github.com/sponsors/isaacs"
            }
        },
        "node_modules/has": {
            "version": "1.0.3",
            "resolved": "https://registry.npmjs.org/has/-/has-1.0.3.tgz",
            "integrity": "sha512-f2dvO0VU6Oej7RkWJGrehjbzMAjFp5/VKPp5tTpWIV4JHHZK1/BxbFRtf/siA2SWTe09caDmVtYYzWEIbBS4zw==",
            "dev": true,
            "dependencies": {
                "function-bind": "^1.1.1"
            },
            "engines": {
                "node": ">= 0.4.0"
            }
        },
        "node_modules/inflight": {
            "version": "1.0.6",
            "resolved": "https://registry.npmjs.org/inflight/-/inflight-1.0.6.tgz",
            "integrity": "sha1-Sb1jMdfQLQwJvJEKEHW6gWW1bfk=",
            "dev": true,
            "dependencies": {
                "once": "^1.3.0",
                "wrappy": "1"
            }
        },
        "node_modules/inherits": {
            "version": "2.0.4",
            "resolved": "https://registry.npmjs.org/inherits/-/inherits-2.0.4.tgz",
            "integrity": "sha512-k/vGaX4/Yla3WzyMCvTQOXYeIHvqOKtnqBduzTHpzpQZzAskKMhZ2K+EnBiSM9zGSoIFeMpXKxa4dYeZIQqewQ==",
            "dev": true
        },
        "node_modules/is-core-module": {
            "version": "2.7.0",
            "resolved": "https://registry.npmjs.org/is-core-module/-/is-core-module-2.7.0.tgz",
            "integrity": "sha512-ByY+tjCciCr+9nLryBYcSD50EOGWt95c7tIsKTG1J2ixKKXPvF7Ej3AVd+UfDydAJom3biBGDBALaO79ktwgEQ==",
            "dev": true,
            "dependencies": {
                "has": "^1.0.3"
            },
            "funding": {
                "url": "https://github.com/sponsors/ljharb"
            }
        },
        "node_modules/is-module": {
            "version": "1.0.0",
            "resolved": "https://registry.npmjs.org/is-module/-/is-module-1.0.0.tgz",
            "integrity": "sha1-Mlj7afeMFNW4FdZkM2tM/7ZEFZE=",
            "dev": true
        },
        "node_modules/is-reference": {
            "version": "1.2.1",
            "resolved": "https://registry.npmjs.org/is-reference/-/is-reference-1.2.1.tgz",
            "integrity": "sha512-U82MsXXiFIrjCK4otLT+o2NA2Cd2g5MLoOVXUZjIOhLurrRxpEXzI8O0KZHr3IjLvlAH1kTPYSuqer5T9ZVBKQ==",
            "dev": true,
            "dependencies": {
                "@types/estree": "*"
            }
        },
        "node_modules/magic-string": {
            "version": "0.25.7",
            "resolved": "https://registry.npmjs.org/magic-string/-/magic-string-0.25.7.tgz",
            "integrity": "sha512-4CrMT5DOHTDk4HYDlzmwu4FVCcIYI8gauveasrdCu2IKIFOJ3f0v/8MDGJCDL9oD2ppz/Av1b0Nj345H9M+XIA==",
            "dev": true,
            "dependencies": {
                "sourcemap-codec": "^1.4.4"
            }
        },
        "node_modules/minimatch": {
            "version": "3.0.4",
            "resolved": "https://registry.npmjs.org/minimatch/-/minimatch-3.0.4.tgz",
            "integrity": "sha512-yJHVQEhyqPLUTgt9B83PXu6W3rx4MvvHvSUvToogpwoGDOUQ+yDrR0HRot+yOCdCO7u4hX3pWft6kWBBcqh0UA==",
            "dev": true,
            "dependencies": {
                "brace-expansion": "^1.1.7"
            },
            "engines": {
                "node": "*"
            }
        },
        "node_modules/moment": {
            "version": "2.29.1",
            "resolved": "https://registry.npmjs.org/moment/-/moment-2.29.1.tgz",
            "integrity": "sha512-kHmoybcPV8Sqy59DwNDY3Jefr64lK/by/da0ViFcuA4DH0vQg5Q6Ze5VimxkfQNSC+Mls/Kx53s7TjP1RhFEDQ==",
            "dev": true,
            "engines": {
                "node": "*"
            }
        },
        "node_modules/obsidian": {
            "version": "0.12.17",
            "resolved": "https://registry.npmjs.org/obsidian/-/obsidian-0.12.17.tgz",
            "integrity": "sha512-YvCAlRym9D8zNPXt6Ez8QubSTVGoChx6lb58zqI13Dcrz3l1lgUO+pcOGDiD5Qa67nzDZLXo3aV2rqkCCpTvGQ==",
            "dev": true,
            "dependencies": {
                "@types/codemirror": "0.0.108",
                "moment": "2.29.1"
            }
        },
        "node_modules/once": {
            "version": "1.4.0",
            "resolved": "https://registry.npmjs.org/once/-/once-1.4.0.tgz",
            "integrity": "sha1-WDsap3WWHUsROsF9nFC6753Xa9E=",
            "dev": true,
            "dependencies": {
                "wrappy": "1"
            }
        },
        "node_modules/path-is-absolute": {
            "version": "1.0.1",
            "resolved": "https://registry.npmjs.org/path-is-absolute/-/path-is-absolute-1.0.1.tgz",
            "integrity": "sha1-F0uSaHNVNP+8es5r9TpanhtcX18=",
            "dev": true,
            "engines": {
                "node": ">=0.10.0"
            }
        },
        "node_modules/path-parse": {
            "version": "1.0.7",
            "resolved": "https://registry.npmjs.org/path-parse/-/path-parse-1.0.7.tgz",
            "integrity": "sha512-LDJzPVEEEPR+y48z93A0Ed0yXb8pAByGWo/k5YYdYgpY2/2EsOsksJrq7lOHxryrVOn1ejG6oAp8ahvOIQD8sw==",
            "dev": true
        },
        "node_modules/picomatch": {
            "version": "2.3.0",
            "resolved": "https://registry.npmjs.org/picomatch/-/picomatch-2.3.0.tgz",
            "integrity": "sha512-lY1Q/PiJGC2zOv/z391WOTD+Z02bCgsFfvxoXXf6h7kv9o+WmsmzYqrAwY63sNgOxE4xEdq0WyUnXfKeBrSvYw==",
            "dev": true,
            "engines": {
                "node": ">=8.6"
            },
            "funding": {
                "url": "https://github.com/sponsors/jonschlinkert"
            }
        },
        "node_modules/resolve": {
            "version": "1.20.0",
            "resolved": "https://registry.npmjs.org/resolve/-/resolve-1.20.0.tgz",
            "integrity": "sha512-wENBPt4ySzg4ybFQW2TT1zMQucPK95HSh/nq2CFTZVOGut2+pQvSsgtda4d26YrYcr067wjbmzOG8byDPBX63A==",
            "dev": true,
            "dependencies": {
                "is-core-module": "^2.2.0",
                "path-parse": "^1.0.6"
            },
            "funding": {
                "url": "https://github.com/sponsors/ljharb"
            }
        },
        "node_modules/rollup": {
            "version": "2.58.0",
            "resolved": "https://registry.npmjs.org/rollup/-/rollup-2.58.0.tgz",
            "integrity": "sha512-NOXpusKnaRpbS7ZVSzcEXqxcLDOagN6iFS8p45RkoiMqPHDLwJm758UF05KlMoCRbLBTZsPOIa887gZJ1AiXvw==",
            "dev": true,
            "bin": {
                "rollup": "dist/bin/rollup"
            },
            "engines": {
                "node": ">=10.0.0"
            },
            "optionalDependencies": {
                "fsevents": "~2.3.2"
            }
        },
        "node_modules/sourcemap-codec": {
            "version": "1.4.8",
            "resolved": "https://registry.npmjs.org/sourcemap-codec/-/sourcemap-codec-1.4.8.tgz",
            "integrity": "sha512-9NykojV5Uih4lgo5So5dtw+f0JgJX30KCNI8gwhz2J9A15wD0Ml6tjHKwf6fTSa6fAdVBdZeNOs9eJ71qCk8vA==",
            "dev": true
        },
        "node_modules/tslib": {
            "version": "2.3.1",
            "resolved": "https://registry.npmjs.org/tslib/-/tslib-2.3.1.tgz",
            "integrity": "sha512-77EbyPPpMz+FRFRuAFlWMtmgUWGe9UOG2Z25NqCwiIjRhOf5iKGuzSe5P2w1laq+FkRy4p+PCuVkJSGkzTEKVw==",
            "dev": true
        },
        "node_modules/typescript": {
            "version": "4.4.3",
            "resolved": "https://registry.npmjs.org/typescript/-/typescript-4.4.3.tgz",
            "integrity": "sha512-4xfscpisVgqqDfPaJo5vkd+Qd/ItkoagnHpufr+i2QCHBsNYp+G7UAoyFl8aPtx879u38wPV65rZ8qbGZijalA==",
            "dev": true,
            "bin": {
                "tsc": "bin/tsc",
                "tsserver": "bin/tsserver"
            },
            "engines": {
                "node": ">=4.2.0"
            }
        },
        "node_modules/wrappy": {
            "version": "1.0.2",
            "resolved": "https://registry.npmjs.org/wrappy/-/wrappy-1.0.2.tgz",
            "integrity": "sha1-tSQ9jz7BqjXxNkYFvA0QNuMKtp8=",
            "dev": true
        },
        "node_modules/xxhash-wasm": {
            "version": "0.4.2",
            "resolved": "https://registry.npmjs.org/xxhash-wasm/-/xxhash-wasm-0.4.2.tgz",
            "integrity": "sha512-/eyHVRJQCirEkSZ1agRSCwriMhwlyUcFkXD5TPVSLP+IPzjsqMVzZwdoczLp1SoQU0R3dxz1RpIK+4YNQbCVOA=="
        }
    },
    "dependencies": {
        "@rollup/plugin-commonjs": {
            "version": "18.1.0",
            "resolved": "https://registry.npmjs.org/@rollup/plugin-commonjs/-/plugin-commonjs-18.1.0.tgz",
            "integrity": "sha512-h3e6T9rUxVMAQswpDIobfUHn/doMzM9sgkMrsMWCFLmB84PSoC8mV8tOloAJjSRwdqhXBqstlX2BwBpHJvbhxg==",
            "dev": true,
            "requires": {
                "@rollup/pluginutils": "^3.1.0",
                "commondir": "^1.0.1",
                "estree-walker": "^2.0.1",
                "glob": "^7.1.6",
                "is-reference": "^1.2.1",
                "magic-string": "^0.25.7",
                "resolve": "^1.17.0"
            }
        },
        "@rollup/plugin-node-resolve": {
            "version": "11.2.1",
            "resolved": "https://registry.npmjs.org/@rollup/plugin-node-resolve/-/plugin-node-resolve-11.2.1.tgz",
            "integrity": "sha512-yc2n43jcqVyGE2sqV5/YCmocy9ArjVAP/BeXyTtADTBBX6V0e5UMqwO8CdQ0kzjb6zu5P1qMzsScCMRvE9OlVg==",
            "dev": true,
            "requires": {
                "@rollup/pluginutils": "^3.1.0",
                "@types/resolve": "1.17.1",
                "builtin-modules": "^3.1.0",
                "deepmerge": "^4.2.2",
                "is-module": "^1.0.0",
                "resolve": "^1.19.0"
            }
        },
        "@rollup/plugin-typescript": {
            "version": "8.2.5",
            "resolved": "https://registry.npmjs.org/@rollup/plugin-typescript/-/plugin-typescript-8.2.5.tgz",
            "integrity": "sha512-QL/LvDol/PAGB2O0S7/+q2HpSUNodpw7z6nGn9BfoVCPOZ0r4EALrojFU29Bkoi2Hr2jgTocTejJ5GGWZfOxbQ==",
            "dev": true,
            "requires": {
                "@rollup/pluginutils": "^3.1.0",
                "resolve": "^1.17.0"
            }
        },
        "@rollup/pluginutils": {
            "version": "3.1.0",
            "resolved": "https://registry.npmjs.org/@rollup/pluginutils/-/pluginutils-3.1.0.tgz",
            "integrity": "sha512-GksZ6pr6TpIjHm8h9lSQ8pi8BE9VeubNT0OMJ3B5uZJ8pz73NPiqOtCog/x2/QzM1ENChPKxMDhiQuRHsqc+lg==",
            "dev": true,
            "requires": {
                "@types/estree": "0.0.39",
                "estree-walker": "^1.0.1",
                "picomatch": "^2.2.2"
            },
            "dependencies": {
                "estree-walker": {
                    "version": "1.0.1",
                    "resolved": "https://registry.npmjs.org/estree-walker/-/estree-walker-1.0.1.tgz",
                    "integrity": "sha512-1fMXF3YP4pZZVozF8j/ZLfvnR8NSIljt56UhbZ5PeeDmmGHpgpdwQt7ITlGvYaQukCvuBRMLEiKiYC+oeIg4cg==",
                    "dev": true
                }
            }
        },
        "@types/codemirror": {
            "version": "0.0.108",
            "resolved": "https://registry.npmjs.org/@types/codemirror/-/codemirror-0.0.108.tgz",
            "integrity": "sha512-3FGFcus0P7C2UOGCNUVENqObEb4SFk+S8Dnxq7K6aIsLVs/vDtlangl3PEO0ykaKXyK56swVF6Nho7VsA44uhw==",
            "dev": true,
            "requires": {
                "@types/tern": "*"
            }
        },
        "@types/debug": {
            "version": "4.1.7",
            "resolved": "https://registry.npmjs.org/@types/debug/-/debug-4.1.7.tgz",
            "integrity": "sha512-9AonUzyTjXXhEOa0DnqpzZi6VHlqKMswga9EXjpXnnqxwLtdvPPtlO8evrI5D9S6asFRCQ6v+wpiUKbw+vKqyg==",
            "dev": true,
            "requires": {
                "@types/ms": "*"
            }
        },
        "@types/diff-match-patch": {
            "version": "1.0.32",
            "resolved": "https://registry.npmjs.org/@types/diff-match-patch/-/diff-match-patch-1.0.32.tgz",
            "integrity": "sha512-bPYT5ECFiblzsVzyURaNhljBH2Gh1t9LowgUwciMrNAhFewLkHT2H0Mto07Y4/3KCOGZHRQll3CTtQZ0X11D/A==",
            "dev": true
        },
        "@types/estree": {
            "version": "0.0.39",
            "resolved": "https://registry.npmjs.org/@types/estree/-/estree-0.0.39.tgz",
            "integrity": "sha512-EYNwp3bU+98cpU4lAWYYL7Zz+2gryWH1qbdDTidVd6hkiR6weksdbMadyXKXNPEkQFhXM+hVO9ZygomHXp+AIw==",
            "dev": true
        },
        "@types/ms": {
            "version": "0.7.31",
            "resolved": "https://registry.npmjs.org/@types/ms/-/ms-0.7.31.tgz",
            "integrity": "sha512-iiUgKzV9AuaEkZqkOLDIvlQiL6ltuZd9tGcW3gwpnX8JbuiuhFlEGmmFXEXkN50Cvq7Os88IY2v0dkDqXYWVgA==",
            "dev": true
        },
        "@types/node": {
            "version": "14.17.21",
            "resolved": "https://registry.npmjs.org/@types/node/-/node-14.17.21.tgz",
            "integrity": "sha512-zv8ukKci1mrILYiQOwGSV4FpkZhyxQtuFWGya2GujWg+zVAeRQ4qbaMmWp9vb9889CFA8JECH7lkwCL6Ygg8kA==",
            "dev": true
        },
        "@types/pouchdb-adapter-http": {
            "version": "6.1.3",
            "resolved": "https://registry.npmjs.org/@types/pouchdb-adapter-http/-/pouchdb-adapter-http-6.1.3.tgz",
            "integrity": "sha512-9Z4TLbF/KJWy/D2sWRPBA+RNU0odQimfdvlDX+EY7rGcd3aVoH8qjD/X0Xcd/0dfBH5pKrNIMFFQgW/TylRCmA==",
            "dev": true,
            "requires": {
                "@types/pouchdb-core": "*"
            }
        },
        "@types/pouchdb-adapter-idb": {
            "version": "6.1.4",
            "resolved": "https://registry.npmjs.org/@types/pouchdb-adapter-idb/-/pouchdb-adapter-idb-6.1.4.tgz",
            "integrity": "sha512-KIAXbkF4uYUz0ZwfNEFLtEkK44mEWopAsD76UhucH92XnJloBysav+TjI4FFfYQyTjoW3S1s6V+Z14CUJZ0F6w==",
            "dev": true,
            "requires": {
                "@types/pouchdb-core": "*"
            }
        },
        "@types/pouchdb-adapter-websql": {
            "version": "6.1.4",
            "resolved": "https://registry.npmjs.org/@types/pouchdb-adapter-websql/-/pouchdb-adapter-websql-6.1.4.tgz",
            "integrity": "sha512-zMJQCtXC40hBsIDRn0GhmpeGMK0f9l/OGWfLguvczROzxxcOD7REI+e6SEmX7gJKw5JuMvlfuHzkQwjmvSJbtg==",
            "dev": true,
            "requires": {
                "@types/pouchdb-core": "*"
            }
        },
        "@types/pouchdb-browser": {
            "version": "6.1.3",
            "resolved": "https://registry.npmjs.org/@types/pouchdb-browser/-/pouchdb-browser-6.1.3.tgz",
            "integrity": "sha512-EdYowrWxW9SWBMX/rux2eq7dbHi5Zeyzz+FF/IAsgQKnUxgeCO5VO2j4zTzos0SDyJvAQU+EYRc11r7xGn5tvA==",
            "dev": true,
            "requires": {
                "@types/pouchdb-adapter-http": "*",
                "@types/pouchdb-adapter-idb": "*",
                "@types/pouchdb-adapter-websql": "*",
                "@types/pouchdb-core": "*",
                "@types/pouchdb-mapreduce": "*",
                "@types/pouchdb-replication": "*"
            }
        },
        "@types/pouchdb-core": {
            "version": "7.0.8",
            "resolved": "https://registry.npmjs.org/@types/pouchdb-core/-/pouchdb-core-7.0.8.tgz",
            "integrity": "sha512-99pGWgoxW/m1jLpnWQAfy7QGwXK3uCDSy+VtOG8sjuutjNJzX6nmOesbBq7ZpkquMH+X9vnT9CpWPunBpepEGg==",
            "dev": true,
            "requires": {
                "@types/debug": "*",
                "@types/pouchdb-find": "*"
            }
        },
        "@types/pouchdb-find": {
            "version": "6.3.7",
            "resolved": "https://registry.npmjs.org/@types/pouchdb-find/-/pouchdb-find-6.3.7.tgz",
            "integrity": "sha512-b2dr9xoZRK5Mwl8UiRA9l5j9mmCxNfqXuu63H1KZHwJLILjoIIz7BntCvM0hnlnl7Q8P8wORq0IskuaMq5Nnnw==",
            "dev": true,
            "requires": {
                "@types/pouchdb-core": "*"
            }
        },
        "@types/pouchdb-mapreduce": {
            "version": "6.1.5",
            "resolved": "https://registry.npmjs.org/@types/pouchdb-mapreduce/-/pouchdb-mapreduce-6.1.5.tgz",
            "integrity": "sha512-nE4uggwt2W5pe8I6Tnbd626EmGWSV6w8tiYwAnAO6g5ncZGYtM4Cye9O1LWLGVpalw0iIpyfQZfH3pMxSbHx/w==",
            "dev": true,
            "requires": {
                "@types/pouchdb-core": "*"
            }
        },
        "@types/pouchdb-replication": {
            "version": "6.4.3",
            "resolved": "https://registry.npmjs.org/@types/pouchdb-replication/-/pouchdb-replication-6.4.3.tgz",
            "integrity": "sha512-Dsyy8EhKGBIQAECKelfvufDjRO5Rsy8RlujVllbjHzu3OGu8cNP92/bykeXXC3hTgvrp5Kviqhh9VON1Iw+M3Q==",
            "dev": true,
            "requires": {
                "@types/pouchdb-core": "*",
                "@types/pouchdb-find": "*"
            }
        },
        "@types/resolve": {
            "version": "1.17.1",
            "resolved": "https://registry.npmjs.org/@types/resolve/-/resolve-1.17.1.tgz",
            "integrity": "sha512-yy7HuzQhj0dhGpD8RLXSZWEkLsV9ibvxvi6EiJ3bkqLAO1RGo0WbkWQiwpRlSFymTJRz0d3k5LM3kkx8ArDbLw==",
            "dev": true,
            "requires": {
                "@types/node": "*"
            }
        },
        "@types/tern": {
            "version": "0.23.4",
            "resolved": "https://registry.npmjs.org/@types/tern/-/tern-0.23.4.tgz",
            "integrity": "sha512-JAUw1iXGO1qaWwEOzxTKJZ/5JxVeON9kvGZ/osgZaJImBnyjyn0cjovPsf6FNLmyGY8Vw9DoXZCMlfMkMwHRWg==",
            "dev": true,
            "requires": {
                "@types/estree": "*"
            }
        },
        "balanced-match": {
            "version": "1.0.2",
            "resolved": "https://registry.npmjs.org/balanced-match/-/balanced-match-1.0.2.tgz",
            "integrity": "sha512-3oSeUO0TMV67hN1AmbXsK4yaqU7tjiHlbxRDZOpH0KW9+CeX4bRAaX0Anxt0tx2MrpRpWwQaPwIlISEJhYU5Pw==",
            "dev": true
        },
        "brace-expansion": {
            "version": "1.1.11",
            "resolved": "https://registry.npmjs.org/brace-expansion/-/brace-expansion-1.1.11.tgz",
            "integrity": "sha512-iCuPHDFgrHX7H2vEI/5xpz07zSHB00TpugqhmYtVmMO6518mCuRMoOYFldEBl0g187ufozdaHgWKcYFb61qGiA==",
            "dev": true,
            "requires": {
                "balanced-match": "^1.0.0",
                "concat-map": "0.0.1"
            }
        },
        "builtin-modules": {
            "version": "3.2.0",
            "resolved": "https://registry.npmjs.org/builtin-modules/-/builtin-modules-3.2.0.tgz",
            "integrity": "sha512-lGzLKcioL90C7wMczpkY0n/oART3MbBa8R9OFGE1rJxoVI86u4WAGfEk8Wjv10eKSyTHVGkSo3bvBylCEtk7LA==",
            "dev": true
        },
        "commondir": {
            "version": "1.0.1",
            "resolved": "https://registry.npmjs.org/commondir/-/commondir-1.0.1.tgz",
            "integrity": "sha1-3dgA2gxmEnOTzKWVDqloo6rxJTs=",
            "dev": true
        },
        "concat-map": {
            "version": "0.0.1",
            "resolved": "https://registry.npmjs.org/concat-map/-/concat-map-0.0.1.tgz",
            "integrity": "sha1-2Klr13/Wjfd5OnMDajug1UBdR3s=",
            "dev": true
        },
        "deepmerge": {
            "version": "4.2.2",
            "resolved": "https://registry.npmjs.org/deepmerge/-/deepmerge-4.2.2.tgz",
            "integrity": "sha512-FJ3UgI4gIl+PHZm53knsuSFpE+nESMr7M4v9QcgB7S63Kj/6WqMiFQJpBBYz1Pt+66bZpP3Q7Lye0Oo9MPKEdg==",
            "dev": true
        },
        "diff-match-patch": {
            "version": "1.0.5",
            "resolved": "https://registry.npmjs.org/diff-match-patch/-/diff-match-patch-1.0.5.tgz",
            "integrity": "sha512-IayShXAgj/QMXgB0IWmKx+rOPuGMhqm5w6jvFxmVenXKIzRqTAAsbBPT3kWQeGANj3jGgvcvv4yK6SxqYmikgw=="
        },
        "estree-walker": {
            "version": "2.0.2",
            "resolved": "https://registry.npmjs.org/estree-walker/-/estree-walker-2.0.2.tgz",
            "integrity": "sha512-Rfkk/Mp/DL7JVje3u18FxFujQlTNR2q6QfMSMB7AvCBx91NGj/ba3kCfza0f6dVDbw7YlRf/nDrn7pQrCCyQ/w==",
            "dev": true
        },
        "fs.realpath": {
            "version": "1.0.0",
            "resolved": "https://registry.npmjs.org/fs.realpath/-/fs.realpath-1.0.0.tgz",
            "integrity": "sha1-FQStJSMVjKpA20onh8sBQRmU6k8=",
            "dev": true
        },
        "fsevents": {
            "version": "2.3.2",
            "resolved": "https://registry.npmjs.org/fsevents/-/fsevents-2.3.2.tgz",
            "integrity": "sha512-xiqMQR4xAeHTuB9uWm+fFRcIOgKBMiOBP+eXiyT7jsgVCq1bkVygt00oASowB7EdtpOHaaPgKt812P9ab+DDKA==",
            "dev": true,
            "optional": true
        },
        "function-bind": {
            "version": "1.1.1",
            "resolved": "https://registry.npmjs.org/function-bind/-/function-bind-1.1.1.tgz",
            "integrity": "sha512-yIovAzMX49sF8Yl58fSCWJ5svSLuaibPxXQJFLmBObTuCr0Mf1KiPopGM9NiFjiYBCbfaa2Fh6breQ6ANVTI0A==",
            "dev": true
        },
        "glob": {
            "version": "7.2.0",
            "resolved": "https://registry.npmjs.org/glob/-/glob-7.2.0.tgz",
            "integrity": "sha512-lmLf6gtyrPq8tTjSmrO94wBeQbFR3HbLHbuyD69wuyQkImp2hWqMGB47OX65FBkPffO641IP9jWa1z4ivqG26Q==",
            "dev": true,
            "requires": {
                "fs.realpath": "^1.0.0",
                "inflight": "^1.0.4",
                "inherits": "2",
                "minimatch": "^3.0.4",
                "once": "^1.3.0",
                "path-is-absolute": "^1.0.0"
            }
        },
        "has": {
            "version": "1.0.3",
            "resolved": "https://registry.npmjs.org/has/-/has-1.0.3.tgz",
            "integrity": "sha512-f2dvO0VU6Oej7RkWJGrehjbzMAjFp5/VKPp5tTpWIV4JHHZK1/BxbFRtf/siA2SWTe09caDmVtYYzWEIbBS4zw==",
            "dev": true,
            "requires": {
                "function-bind": "^1.1.1"
            }
        },
        "inflight": {
            "version": "1.0.6",
            "resolved": "https://registry.npmjs.org/inflight/-/inflight-1.0.6.tgz",
            "integrity": "sha1-Sb1jMdfQLQwJvJEKEHW6gWW1bfk=",
            "dev": true,
            "requires": {
                "once": "^1.3.0",
                "wrappy": "1"
            }
        },
        "inherits": {
            "version": "2.0.4",
            "resolved": "https://registry.npmjs.org/inherits/-/inherits-2.0.4.tgz",
            "integrity": "sha512-k/vGaX4/Yla3WzyMCvTQOXYeIHvqOKtnqBduzTHpzpQZzAskKMhZ2K+EnBiSM9zGSoIFeMpXKxa4dYeZIQqewQ==",
            "dev": true
        },
        "is-core-module": {
            "version": "2.7.0",
            "resolved": "https://registry.npmjs.org/is-core-module/-/is-core-module-2.7.0.tgz",
            "integrity": "sha512-ByY+tjCciCr+9nLryBYcSD50EOGWt95c7tIsKTG1J2ixKKXPvF7Ej3AVd+UfDydAJom3biBGDBALaO79ktwgEQ==",
            "dev": true,
            "requires": {
                "has": "^1.0.3"
            }
        },
        "is-module": {
            "version": "1.0.0",
            "resolved": "https://registry.npmjs.org/is-module/-/is-module-1.0.0.tgz",
            "integrity": "sha1-Mlj7afeMFNW4FdZkM2tM/7ZEFZE=",
            "dev": true
        },
        "is-reference": {
            "version": "1.2.1",
            "resolved": "https://registry.npmjs.org/is-reference/-/is-reference-1.2.1.tgz",
            "integrity": "sha512-U82MsXXiFIrjCK4otLT+o2NA2Cd2g5MLoOVXUZjIOhLurrRxpEXzI8O0KZHr3IjLvlAH1kTPYSuqer5T9ZVBKQ==",
            "dev": true,
            "requires": {
                "@types/estree": "*"
            }
        },
        "magic-string": {
            "version": "0.25.7",
            "resolved": "https://registry.npmjs.org/magic-string/-/magic-string-0.25.7.tgz",
            "integrity": "sha512-4CrMT5DOHTDk4HYDlzmwu4FVCcIYI8gauveasrdCu2IKIFOJ3f0v/8MDGJCDL9oD2ppz/Av1b0Nj345H9M+XIA==",
            "dev": true,
            "requires": {
                "sourcemap-codec": "^1.4.4"
            }
        },
        "minimatch": {
            "version": "3.0.4",
            "resolved": "https://registry.npmjs.org/minimatch/-/minimatch-3.0.4.tgz",
            "integrity": "sha512-yJHVQEhyqPLUTgt9B83PXu6W3rx4MvvHvSUvToogpwoGDOUQ+yDrR0HRot+yOCdCO7u4hX3pWft6kWBBcqh0UA==",
            "dev": true,
            "requires": {
                "brace-expansion": "^1.1.7"
            }
        },
        "moment": {
            "version": "2.29.1",
            "resolved": "https://registry.npmjs.org/moment/-/moment-2.29.1.tgz",
            "integrity": "sha512-kHmoybcPV8Sqy59DwNDY3Jefr64lK/by/da0ViFcuA4DH0vQg5Q6Ze5VimxkfQNSC+Mls/Kx53s7TjP1RhFEDQ==",
            "dev": true
        },
        "obsidian": {
            "version": "0.12.17",
            "resolved": "https://registry.npmjs.org/obsidian/-/obsidian-0.12.17.tgz",
            "integrity": "sha512-YvCAlRym9D8zNPXt6Ez8QubSTVGoChx6lb58zqI13Dcrz3l1lgUO+pcOGDiD5Qa67nzDZLXo3aV2rqkCCpTvGQ==",
            "dev": true,
            "requires": {
                "@types/codemirror": "0.0.108",
                "moment": "2.29.1"
            }
        },
        "once": {
            "version": "1.4.0",
            "resolved": "https://registry.npmjs.org/once/-/once-1.4.0.tgz",
            "integrity": "sha1-WDsap3WWHUsROsF9nFC6753Xa9E=",
            "dev": true,
            "requires": {
                "wrappy": "1"
            }
        },
        "path-is-absolute": {
            "version": "1.0.1",
            "resolved": "https://registry.npmjs.org/path-is-absolute/-/path-is-absolute-1.0.1.tgz",
            "integrity": "sha1-F0uSaHNVNP+8es5r9TpanhtcX18=",
            "dev": true
        },
        "path-parse": {
            "version": "1.0.7",
            "resolved": "https://registry.npmjs.org/path-parse/-/path-parse-1.0.7.tgz",
            "integrity": "sha512-LDJzPVEEEPR+y48z93A0Ed0yXb8pAByGWo/k5YYdYgpY2/2EsOsksJrq7lOHxryrVOn1ejG6oAp8ahvOIQD8sw==",
            "dev": true
        },
        "picomatch": {
            "version": "2.3.0",
            "resolved": "https://registry.npmjs.org/picomatch/-/picomatch-2.3.0.tgz",
            "integrity": "sha512-lY1Q/PiJGC2zOv/z391WOTD+Z02bCgsFfvxoXXf6h7kv9o+WmsmzYqrAwY63sNgOxE4xEdq0WyUnXfKeBrSvYw==",
            "dev": true
        },
        "resolve": {
            "version": "1.20.0",
            "resolved": "https://registry.npmjs.org/resolve/-/resolve-1.20.0.tgz",
            "integrity": "sha512-wENBPt4ySzg4ybFQW2TT1zMQucPK95HSh/nq2CFTZVOGut2+pQvSsgtda4d26YrYcr067wjbmzOG8byDPBX63A==",
            "dev": true,
            "requires": {
                "is-core-module": "^2.2.0",
                "path-parse": "^1.0.6"
            }
        },
        "rollup": {
            "version": "2.58.0",
            "resolved": "https://registry.npmjs.org/rollup/-/rollup-2.58.0.tgz",
            "integrity": "sha512-NOXpusKnaRpbS7ZVSzcEXqxcLDOagN6iFS8p45RkoiMqPHDLwJm758UF05KlMoCRbLBTZsPOIa887gZJ1AiXvw==",
            "dev": true,
            "requires": {
                "fsevents": "~2.3.2"
            }
        },
        "sourcemap-codec": {
            "version": "1.4.8",
            "resolved": "https://registry.npmjs.org/sourcemap-codec/-/sourcemap-codec-1.4.8.tgz",
            "integrity": "sha512-9NykojV5Uih4lgo5So5dtw+f0JgJX30KCNI8gwhz2J9A15wD0Ml6tjHKwf6fTSa6fAdVBdZeNOs9eJ71qCk8vA==",
            "dev": true
        },
        "tslib": {
            "version": "2.3.1",
            "resolved": "https://registry.npmjs.org/tslib/-/tslib-2.3.1.tgz",
            "integrity": "sha512-77EbyPPpMz+FRFRuAFlWMtmgUWGe9UOG2Z25NqCwiIjRhOf5iKGuzSe5P2w1laq+FkRy4p+PCuVkJSGkzTEKVw==",
            "dev": true
        },
        "typescript": {
            "version": "4.4.3",
            "resolved": "https://registry.npmjs.org/typescript/-/typescript-4.4.3.tgz",
            "integrity": "sha512-4xfscpisVgqqDfPaJo5vkd+Qd/ItkoagnHpufr+i2QCHBsNYp+G7UAoyFl8aPtx879u38wPV65rZ8qbGZijalA==",
            "dev": true
        },
        "wrappy": {
            "version": "1.0.2",
            "resolved": "https://registry.npmjs.org/wrappy/-/wrappy-1.0.2.tgz",
            "integrity": "sha1-tSQ9jz7BqjXxNkYFvA0QNuMKtp8=",
            "dev": true
        },
        "xxhash-wasm": {
            "version": "0.4.2",
            "resolved": "https://registry.npmjs.org/xxhash-wasm/-/xxhash-wasm-0.4.2.tgz",
            "integrity": "sha512-/eyHVRJQCirEkSZ1agRSCwriMhwlyUcFkXD5TPVSLP+IPzjsqMVzZwdoczLp1SoQU0R3dxz1RpIK+4YNQbCVOA=="
        }
    }
}
